
Microsoft Visual Studio Solution File, Format Version 12.00
# Visual Studio 15
VisualStudioVersion = 15.0.28010.2019
MinimumVisualStudioVersion = 10.0.40219.1
Project("{FAE04EC0-301F-11D3-BF4B-00C04F79EFBC}") = "DirtyApp", "DirtyApp\DirtyApp.csproj", "{32CDC720-8087-445D-AE8F-F9E8B4B43214}"
EndProject
Global
	GlobalSection(SolutionConfigurationPlatforms) = preSolution
		Debug|Any CPU = Debug|Any CPU
		Release|Any CPU = Release|Any CPU
	EndGlobalSection
	GlobalSection(ProjectConfigurationPlatforms) = postSolution
		{32CDC720-8087-445D-AE8F-F9E8B4B43214}.Debug|Any CPU.ActiveCfg = Debug|Any CPU
		{32CDC720-8087-445D-AE8F-F9E8B4B43214}.Debug|Any CPU.Build.0 = Debug|Any CPU
		{32CDC720-8087-445D-AE8F-F9E8B4B43214}.Release|Any CPU.ActiveCfg = Release|Any CPU
		{32CDC720-8087-445D-AE8F-F9E8B4B43214}.Release|Any CPU.Build.0 = Release|Any CPU
	EndGlobalSection
	GlobalSection(SolutionProperties) = preSolution
		HideSolutionNode = FALSE
	EndGlobalSection
	GlobalSection(ExtensibilityGlobals) = postSolution
		SolutionGuid = {FC8FBC0C-F384-4318-B577-B0C00C056C9B}
	EndGlobalSection
EndGlobal
